// !$*UTF8*$!
{
	archiveVersion = 1;
	classes = {
	};
	objectVersion = 56;
	objects = {

/* Begin PBXBuildFile section */
		FF8110612ACA2E4B005433DD /* BluetoothApp.swift in Sources */ = {isa = PBXBuildFile; fileRef = FF8110602ACA2E4B005433DD /* BluetoothApp.swift */; };
		FF8110632ACA2E4B005433DD /* ContentView.swift in Sources */ = {isa = PBXBuildFile; fileRef = FF8110622ACA2E4B005433DD /* ContentView.swift */; };
		FF8110652ACA2E4C005433DD /* Assets.xcassets in Resources */ = {isa = PBXBuildFile; fileRef = FF8110642ACA2E4C005433DD /* Assets.xcassets */; };
		FF8110682ACA2E4C005433DD /* Preview Assets.xcassets in Resources */ = {isa = PBXBuildFile; fileRef = FF8110672ACA2E4C005433DD /* Preview Assets.xcassets */; };
		FF8110722ACA2E4C005433DD /* BluetoothTests.swift in Sources */ = {isa = PBXBuildFile; fileRef = FF8110712ACA2E4C005433DD /* BluetoothTests.swift */; };
		FF81107C2ACA2E4C005433DD /* BluetoothUITests.swift in Sources */ = {isa = PBXBuildFile; fileRef = FF81107B2ACA2E4C005433DD /* BluetoothUITests.swift */; };
		FF81107E2ACA2E4C005433DD /* BluetoothUITestsLaunchTests.swift in Sources */ = {isa = PBXBuildFile; fileRef = FF81107D2ACA2E4C005433DD /* BluetoothUITestsLaunchTests.swift */; };
/* End PBXBuildFile section */

/* Begin PBXContainerItemProxy section */
		FF81106E2ACA2E4C005433DD /* PBXContainerItemProxy */ = {
			isa = PBXContainerItemProxy;
			containerPortal = FF8110552ACA2E4B005433DD /* Project object */;
			proxyType = 1;
			remoteGlobalIDString = FF81105C2ACA2E4B005433DD;
			remoteInfo = Bluetooth;
		};
		FF8110782ACA2E4C005433DD /* PBXContainerItemProxy */ = {
			isa = PBXContainerItemProxy;
			containerPortal = FF8110552ACA2E4B005433DD /* Project object */;
			proxyType = 1;
			remoteGlobalIDString = FF81105C2ACA2E4B005433DD;
			remoteInfo = Bluetooth;
		};
/* End PBXContainerItemProxy section */

/* Begin PBXFileReference section */
		FF81105D2ACA2E4B005433DD /* Bluetooth.app */ = {isa = PBXFileReference; explicitFileType = wrapper.application; includeInIndex = 0; path = Bluetooth.app; sourceTree = BUILT_PRODUCTS_DIR; };
		FF8110602ACA2E4B005433DD /* BluetoothApp.swift */ = {isa = PBXFileReference; lastKnownFileType = sourcecode.swift; path = BluetoothApp.swift; sourceTree = "<group>"; };
		FF8110622ACA2E4B005433DD /* ContentView.swift */ = {isa = PBXFileReference; lastKnownFileType = sourcecode.swift; path = ContentView.swift; sourceTree = "<group>"; };
		FF8110642ACA2E4C005433DD /* Assets.xcassets */ = {isa = PBXFileReference; lastKnownFileType = folder.assetcatalog; path = Assets.xcassets; sourceTree = "<group>"; };
		FF8110672ACA2E4C005433DD /* Preview Assets.xcassets */ = {isa = PBXFileReference; lastKnownFileType = folder.assetcatalog; path = "Preview Assets.xcassets"; sourceTree = "<group>"; };
		FF81106D2ACA2E4C005433DD /* BluetoothTests.xctest */ = {isa = PBXFileReference; explicitFileType = wrapper.cfbundle; includeInIndex = 0; path = BluetoothTests.xctest; sourceTree = BUILT_PRODUCTS_DIR; };
		FF8110712ACA2E4C005433DD /* BluetoothTests.swift */ = {isa = PBXFileReference; lastKnownFileType = sourcecode.swift; path = BluetoothTests.swift; sourceTree = "<group>"; };
		FF8110772ACA2E4C005433DD /* BluetoothUITests.xctest */ = {isa = PBXFileReference; explicitFileType = wrapper.cfbundle; includeInIndex = 0; path = BluetoothUITests.xctest; sourceTree = BUILT_PRODUCTS_DIR; };
		FF81107B2ACA2E4C005433DD /* BluetoothUITests.swift */ = {isa = PBXFileReference; lastKnownFileType = sourcecode.swift; path = BluetoothUITests.swift; sourceTree = "<group>"; };
		FF81107D2ACA2E4C005433DD /* BluetoothUITestsLaunchTests.swift */ = {isa = PBXFileReference; lastKnownFileType = sourcecode.swift; path = BluetoothUITestsLaunchTests.swift; sourceTree = "<group>"; };
/* End PBXFileReference section */

/* Begin PBXFrameworksBuildPhase section */
		FF81105A2ACA2E4B005433DD /* Frameworks */ = {
			isa = PBXFrameworksBuildPhase;
			buildActionMask = 2147483647;
			files = (
			);
			runOnlyForDeploymentPostprocessing = 0;
		};
		FF81106A2ACA2E4C005433DD /* Frameworks */ = {
			isa = PBXFrameworksBuildPhase;
			buildActionMask = 2147483647;
			files = (
			);
			runOnlyForDeploymentPostprocessing = 0;
		};
		FF8110742ACA2E4C005433DD /* Frameworks */ = {
			isa = PBXFrameworksBuildPhase;
			buildActionMask = 2147483647;
			files = (
			);
			runOnlyForDeploymentPostprocessing = 0;
		};
/* End PBXFrameworksBuildPhase section */

/* Begin PBXGroup section */
		FF8110542ACA2E4B005433DD = {
			isa = PBXGroup;
			children = (
				FF81105F2ACA2E4B005433DD /* Bluetooth */,
				FF8110702ACA2E4C005433DD /* BluetoothTests */,
				FF81107A2ACA2E4C005433DD /* BluetoothUITests */,
				FF81105E2ACA2E4B005433DD /* Products */,
			);
			sourceTree = "<group>";
		};
		FF81105E2ACA2E4B005433DD /* Products */ = {
			isa = PBXGroup;
			children = (
				FF81105D2ACA2E4B005433DD /* Bluetooth.app */,
				FF81106D2ACA2E4C005433DD /* BluetoothTests.xctest */,
				FF8110772ACA2E4C005433DD /* BluetoothUITests.xctest */,
			);
			name = Products;
			sourceTree = "<group>";
		};
		FF81105F2ACA2E4B005433DD /* Bluetooth */ = {
			isa = PBXGroup;
			children = (
				FF8110602ACA2E4B005433DD /* BluetoothApp.swift */,
				FF8110622ACA2E4B005433DD /* ContentView.swift */,
				FF8110642ACA2E4C005433DD /* Assets.xcassets */,
				FF8110662ACA2E4C005433DD /* Preview Content */,
			);
			path = Bluetooth;
			sourceTree = "<group>";
		};
		FF8110662ACA2E4C005433DD /* Preview Content */ = {
			isa = PBXGroup;
			children = (
				FF8110672ACA2E4C005433DD /* Preview Assets.xcassets */,
			);
			path = "Preview Content";
			sourceTree = "<group>";
		};
		FF8110702ACA2E4C005433DD /* BluetoothTests */ = {
			isa = PBXGroup;
			children = (
				FF8110712ACA2E4C005433DD /* BluetoothTests.swift */,
			);
			path = BluetoothTests;
			sourceTree = "<group>";
		};
		FF81107A2ACA2E4C005433DD /* BluetoothUITests */ = {
			isa = PBXGroup;
			children = (
				FF81107B2ACA2E4C005433DD /* BluetoothUITests.swift */,
				FF81107D2ACA2E4C005433DD /* BluetoothUITestsLaunchTests.swift */,
			);
			path = BluetoothUITests;
			sourceTree = "<group>";
		};
/* End PBXGroup section */

/* Begin PBXNativeTarget section */
		FF81105C2ACA2E4B005433DD /* Bluetooth */ = {
			isa = PBXNativeTarget;
			buildConfigurationList = FF8110812ACA2E4C005433DD /* Build configuration list for PBXNativeTarget "Bluetooth" */;
			buildPhases = (
				FF8110592ACA2E4B005433DD /* Sources */,
				FF81105A2ACA2E4B005433DD /* Frameworks */,
				FF81105B2ACA2E4B005433DD /* Resources */,
			);
			buildRules = (
			);
			dependencies = (
			);
			name = Bluetooth;
			productName = Bluetooth;
			productReference = FF81105D2ACA2E4B005433DD /* Bluetooth.app */;
			productType = "com.apple.product-type.application";
		};
		FF81106C2ACA2E4C005433DD /* BluetoothTests */ = {
			isa = PBXNativeTarget;
			buildConfigurationList = FF8110842ACA2E4C005433DD /* Build configuration list for PBXNativeTarget "BluetoothTests" */;
			buildPhases = (
				FF8110692ACA2E4C005433DD /* Sources */,
				FF81106A2ACA2E4C005433DD /* Frameworks */,
				FF81106B2ACA2E4C005433DD /* Resources */,
			);
			buildRules = (
			);
			dependencies = (
				FF81106F2ACA2E4C005433DD /* PBXTargetDependency */,
			);
			name = BluetoothTests;
			productName = BluetoothTests;
			productReference = FF81106D2ACA2E4C005433DD /* BluetoothTests.xctest */;
			productType = "com.apple.product-type.bundle.unit-test";
		};
		FF8110762ACA2E4C005433DD /* BluetoothUITests */ = {
			isa = PBXNativeTarget;
			buildConfigurationList = FF8110872ACA2E4C005433DD /* Build configuration list for PBXNativeTarget "BluetoothUITests" */;
			buildPhases = (
				FF8110732ACA2E4C005433DD /* Sources */,
				FF8110742ACA2E4C005433DD /* Frameworks */,
				FF8110752ACA2E4C005433DD /* Resources */,
			);
			buildRules = (
			);
			dependencies = (
				FF8110792ACA2E4C005433DD /* PBXTargetDependency */,
			);
			name = BluetoothUITests;
			productName = BluetoothUITests;
			productReference = FF8110772ACA2E4C005433DD /* BluetoothUITests.xctest */;
			productType = "com.apple.product-type.bundle.ui-testing";
		};
/* End PBXNativeTarget section */

/* Begin PBXProject section */
		FF8110552ACA2E4B005433DD /* Project object */ = {
			isa = PBXProject;
			attributes = {
				BuildIndependentTargetsInParallel = 1;
				LastSwiftUpdateCheck = 1500;
				LastUpgradeCheck = 1500;
				TargetAttributes = {
					FF81105C2ACA2E4B005433DD = {
						CreatedOnToolsVersion = 15.0;
					};
					FF81106C2ACA2E4C005433DD = {
						CreatedOnToolsVersion = 15.0;
						TestTargetID = FF81105C2ACA2E4B005433DD;
					};
					FF8110762ACA2E4C005433DD = {
						CreatedOnToolsVersion = 15.0;
						TestTargetID = FF81105C2ACA2E4B005433DD;
					};
				};
			};
			buildConfigurationList = FF8110582ACA2E4B005433DD /* Build configuration list for PBXProject "Bluetooth" */;
			compatibilityVersion = "Xcode 14.0";
			developmentRegion = en;
			hasScannedForEncodings = 0;
			knownRegions = (
				en,
				Base,
			);
			mainGroup = FF8110542ACA2E4B005433DD;
			productRefGroup = FF81105E2ACA2E4B005433DD /* Products */;
			projectDirPath = "";
			projectRoot = "";
			targets = (
				FF81105C2ACA2E4B005433DD /* Bluetooth */,
				FF81106C2ACA2E4C005433DD /* BluetoothTests */,
				FF8110762ACA2E4C005433DD /* BluetoothUITests */,
			);
		};
/* End PBXProject section */

/* Begin PBXResourcesBuildPhase section */
		FF81105B2ACA2E4B005433DD /* Resources */ = {
			isa = PBXResourcesBuildPhase;
			buildActionMask = 2147483647;
			files = (
				FF8110682ACA2E4C005433DD /* Preview Assets.xcassets in Resources */,
				FF8110652ACA2E4C005433DD /* Assets.xcassets in Resources */,
			);
			runOnlyForDeploymentPostprocessing = 0;
		};
		FF81106B2ACA2E4C005433DD /* Resources */ = {
			isa = PBXResourcesBuildPhase;
			buildActionMask = 2147483647;
			files = (
			);
			runOnlyForDeploymentPostprocessing = 0;
		};
		FF8110752ACA2E4C005433DD /* Resources */ = {
			isa = PBXResourcesBuildPhase;
			buildActionMask = 2147483647;
			files = (
			);
			runOnlyForDeploymentPostprocessing = 0;
		};
/* End PBXResourcesBuildPhase section */

/* Begin PBXSourcesBuildPhase section */
		FF8110592ACA2E4B005433DD /* Sources */ = {
			isa = PBXSourcesBuildPhase;
			buildActionMask = 2147483647;
			files = (
				FF8110632ACA2E4B005433DD /* ContentView.swift in Sources */,
				FF8110612ACA2E4B005433DD /* BluetoothApp.swift in Sources */,
			);
			runOnlyForDeploymentPostprocessing = 0;
		};
		FF8110692ACA2E4C005433DD /* Sources */ = {
			isa = PBXSourcesBuildPhase;
			buildActionMask = 2147483647;
			files = (
				FF8110722ACA2E4C005433DD /* BluetoothTests.swift in Sources */,
			);
			runOnlyForDeploymentPostprocessing = 0;
		};
		FF8110732ACA2E4C005433DD /* Sources */ = {
			isa = PBXSourcesBuildPhase;
			buildActionMask = 2147483647;
			files = (
				FF81107C2ACA2E4C005433DD /* BluetoothUITests.swift in Sources */,
				FF81107E2ACA2E4C005433DD /* BluetoothUITestsLaunchTests.swift in Sources */,
			);
			runOnlyForDeploymentPostprocessing = 0;
		};
/* End PBXSourcesBuildPhase section */

/* Begin PBXTargetDependency section */
		FF81106F2ACA2E4C005433DD /* PBXTargetDependency */ = {
			isa = PBXTargetDependency;
			target = FF81105C2ACA2E4B005433DD /* Bluetooth */;
			targetProxy = FF81106E2ACA2E4C005433DD /* PBXContainerItemProxy */;
		};
		FF8110792ACA2E4C005433DD /* PBXTargetDependency */ = {
			isa = PBXTargetDependency;
			target = FF81105C2ACA2E4B005433DD /* Bluetooth */;
			targetProxy = FF8110782ACA2E4C005433DD /* PBXContainerItemProxy */;
		};
/* End PBXTargetDependency section */

/* Begin XCBuildConfiguration section */
		FF81107F2ACA2E4C005433DD /* Debug */ = {
			isa = XCBuildConfiguration;
			buildSettings = {
				ALWAYS_SEARCH_USER_PATHS = NO;
				ASSETCATALOG_COMPILER_GENERATE_SWIFT_ASSET_SYMBOL_EXTENSIONS = YES;
				CLANG_ANALYZER_NONNULL = YES;
				CLANG_ANALYZER_NUMBER_OBJECT_CONVERSION = YES_AGGRESSIVE;
				CLANG_CXX_LANGUAGE_STANDARD = "gnu++20";
				CLANG_ENABLE_MODULES = YES;
				CLANG_ENABLE_OBJC_ARC = YES;
				CLANG_ENABLE_OBJC_WEAK = YES;
				CLANG_WARN_BLOCK_CAPTURE_AUTORELEASING = YES;
				CLANG_WARN_BOOL_CONVERSION = YES;
				CLANG_WARN_COMMA = YES;
				CLANG_WARN_CONSTANT_CONVERSION = YES;
				CLANG_WARN_DEPRECATED_OBJC_IMPLEMENTATIONS = YES;
				CLANG_WARN_DIRECT_OBJC_ISA_USAGE = YES_ERROR;
				CLANG_WARN_DOCUMENTATION_COMMENTS = YES;
				CLANG_WARN_EMPTY_BODY = YES;
				CLANG_WARN_ENUM_CONVERSION = YES;
				CLANG_WARN_INFINITE_RECURSION = YES;
				CLANG_WARN_INT_CONVERSION = YES;
				CLANG_WARN_NON_LITERAL_NULL_CONVERSION = YES;
				CLANG_WARN_OBJC_IMPLICIT_RETAIN_SELF = YES;
				CLANG_WARN_OBJC_LITERAL_CONVERSION = YES;
				CLANG_WARN_OBJC_ROOT_CLASS = YES_ERROR;
				CLANG_WARN_QUOTED_INCLUDE_IN_FRAMEWORK_HEADER = YES;
				CLANG_WARN_RANGE_LOOP_ANALYSIS = YES;
				CLANG_WARN_STRICT_PROTOTYPES = YES;
				CLANG_WARN_SUSPICIOUS_MOVE = YES;
				CLANG_WARN_UNGUARDED_AVAILABILITY = YES_AGGRESSIVE;
				CLANG_WARN_UNREACHABLE_CODE = YES;
				CLANG_WARN__DUPLICATE_METHOD_MATCH = YES;
				COPY_PHASE_STRIP = NO;
				DEBUG_INFORMATION_FORMAT = dwarf;
				ENABLE_STRICT_OBJC_MSGSEND = YES;
				ENABLE_TESTABILITY = YES;
				ENABLE_USER_SCRIPT_SANDBOXING = YES;
				GCC_C_LANGUAGE_STANDARD = gnu17;
				GCC_DYNAMIC_NO_PIC = NO;
				GCC_NO_COMMON_BLOCKS = YES;
				GCC_OPTIMIZATION_LEVEL = 0;
				GCC_PREPROCESSOR_DEFINITIONS = (
					"DEBUG=1",
					"$(inherited)",
				);
				GCC_WARN_64_TO_32_BIT_CONVERSION = YES;
				GCC_WARN_ABOUT_RETURN_TYPE = YES_ERROR;
				GCC_WARN_UNDECLARED_SELECTOR = YES;
				GCC_WARN_UNINITIALIZED_AUTOS = YES_AGGRESSIVE;
				GCC_WARN_UNUSED_FUNCTION = YES;
				GCC_WARN_UNUSED_VARIABLE = YES;
				IPHONEOS_DEPLOYMENT_TARGET = 17.0;
				LOCALIZATION_PREFERS_STRING_CATALOGS = YES;
				MTL_ENABLE_DEBUG_INFO = INCLUDE_SOURCE;
				MTL_FAST_MATH = YES;
				ONLY_ACTIVE_ARCH = YES;
				SDKROOT = iphoneos;
				SWIFT_ACTIVE_COMPILATION_CONDITIONS = "DEBUG $(inherited)";
				SWIFT_OPTIMIZATION_LEVEL = "-Onone";
			};
			name = Debug;
		};
		FF8110802ACA2E4C005433DD /* Release */ = {
			isa = XCBuildConfiguration;
			buildSettings = {
				ALWAYS_SEARCH_USER_PATHS = NO;
				ASSETCATALOG_COMPILER_GENERATE_SWIFT_ASSET_SYMBOL_EXTENSIONS = YES;
				CLANG_ANALYZER_NONNULL = YES;
				CLANG_ANALYZER_NUMBER_OBJECT_CONVERSION = YES_AGGRESSIVE;
				CLANG_CXX_LANGUAGE_STANDARD = "gnu++20";
				CLANG_ENABLE_MODULES = YES;
				CLANG_ENABLE_OBJC_ARC = YES;
				CLANG_ENABLE_OBJC_WEAK = YES;
				CLANG_WARN_BLOCK_CAPTURE_AUTORELEASING = YES;
				CLANG_WARN_BOOL_CONVERSION = YES;
				CLANG_WARN_COMMA = YES;
				CLANG_WARN_CONSTANT_CONVERSION = YES;
				CLANG_WARN_DEPRECATED_OBJC_IMPLEMENTATIONS = YES;
				CLANG_WARN_DIRECT_OBJC_ISA_USAGE = YES_ERROR;
				CLANG_WARN_DOCUMENTATION_COMMENTS = YES;
				CLANG_WARN_EMPTY_BODY = YES;
				CLANG_WARN_ENUM_CONVERSION = YES;
				CLANG_WARN_INFINITE_RECURSION = YES;
				CLANG_WARN_INT_CONVERSION = YES;
				CLANG_WARN_NON_LITERAL_NULL_CONVERSION = YES;
				CLANG_WARN_OBJC_IMPLICIT_RETAIN_SELF = YES;
				CLANG_WARN_OBJC_LITERAL_CONVERSION = YES;
				CLANG_WARN_OBJC_ROOT_CLASS = YES_ERROR;
				CLANG_WARN_QUOTED_INCLUDE_IN_FRAMEWORK_HEADER = YES;
				CLANG_WARN_RANGE_LOOP_ANALYSIS = YES;
				CLANG_WARN_STRICT_PROTOTYPES = YES;
				CLANG_WARN_SUSPICIOUS_MOVE = YES;
				CLANG_WARN_UNGUARDED_AVAILABILITY = YES_AGGRESSIVE;
				CLANG_WARN_UNREACHABLE_CODE = YES;
				CLANG_WARN__DUPLICATE_METHOD_MATCH = YES;
				COPY_PHASE_STRIP = NO;
				DEBUG_INFORMATION_FORMAT = "dwarf-with-dsym";
				ENABLE_NS_ASSERTIONS = NO;
				ENABLE_STRICT_OBJC_MSGSEND = YES;
				ENABLE_USER_SCRIPT_SANDBOXING = YES;
				GCC_C_LANGUAGE_STANDARD = gnu17;
				GCC_NO_COMMON_BLOCKS = YES;
				GCC_WARN_64_TO_32_BIT_CONVERSION = YES;
				GCC_WARN_ABOUT_RETURN_TYPE = YES_ERROR;
				GCC_WARN_UNDECLARED_SELECTOR = YES;
				GCC_WARN_UNINITIALIZED_AUTOS = YES_AGGRESSIVE;
				GCC_WARN_UNUSED_FUNCTION = YES;
				GCC_WARN_UNUSED_VARIABLE = YES;
				IPHONEOS_DEPLOYMENT_TARGET = 17.0;
				LOCALIZATION_PREFERS_STRING_CATALOGS = YES;
				MTL_ENABLE_DEBUG_INFO = NO;
				MTL_FAST_MATH = YES;
				SDKROOT = iphoneos;
				SWIFT_COMPILATION_MODE = wholemodule;
				VALIDATE_PRODUCT = YES;
			};
			name = Release;
		};
		FF8110822ACA2E4C005433DD /* Debug */ = {
			isa = XCBuildConfiguration;
			buildSettings = {
				ASSETCATALOG_COMPILER_APPICON_NAME = AppIcon;
				ASSETCATALOG_COMPILER_GLOBAL_ACCENT_COLOR_NAME = AccentColor;
				CODE_SIGN_STYLE = Automatic;
				CURRENT_PROJECT_VERSION = 1;
				DEVELOPMENT_ASSET_PATHS = "\"Bluetooth/Preview Content\"";
				DEVELOPMENT_TEAM = 2VT7K825K6;
				ENABLE_PREVIEWS = YES;
				GENERATE_INFOPLIST_FILE = YES;
				INFOPLIST_KEY_UIApplicationSceneManifest_Generation = YES;
				INFOPLIST_KEY_UIApplicationSupportsIndirectInputEvents = YES;
				INFOPLIST_KEY_UILaunchScreen_Generation = YES;
				INFOPLIST_KEY_UISupportedInterfaceOrientations_iPad = "UIInterfaceOrientationPortrait UIInterfaceOrientationPortraitUpsideDown UIInterfaceOrientationLandscapeLeft UIInterfaceOrientationLandscapeRight";
				INFOPLIST_KEY_UISupportedInterfaceOrientations_iPhone = "UIInterfaceOrientationPortrait UIInterfaceOrientationLandscapeLeft UIInterfaceOrientationLandscapeRight";
				LD_RUNPATH_SEARCH_PATHS = (
					"$(inherited)",
					"@executable_path/Frameworks",
				);
				MARKETING_VERSION = 1.0;
				PRODUCT_BUNDLE_IDENTIFIER = Test.Bluetooth;
				PRODUCT_NAME = "$(TARGET_NAME)";
				SWIFT_EMIT_LOC_STRINGS = YES;
				SWIFT_VERSION = 5.0;
				TARGETED_DEVICE_FAMILY = "1,2";
			};
			name = Debug;
		};
		FF8110832ACA2E4C005433DD /* Release */ = {
			isa = XCBuildConfiguration;
			buildSettings = {
				ASSETCATALOG_COMPILER_APPICON_NAME = AppIcon;
				ASSETCATALOG_COMPILER_GLOBAL_ACCENT_COLOR_NAME = AccentColor;
				CODE_SIGN_STYLE = Automatic;
				CURRENT_PROJECT_VERSION = 1;
				DEVELOPMENT_ASSET_PATHS = "\"Bluetooth/Preview Content\"";
				DEVELOPMENT_TEAM = 2VT7K825K6;
				ENABLE_PREVIEWS = YES;
				GENERATE_INFOPLIST_FILE = YES;
				INFOPLIST_KEY_UIApplicationSceneManifest_Generation = YES;
				INFOPLIST_KEY_UIApplicationSupportsIndirectInputEvents = YES;
				INFOPLIST_KEY_UILaunchScreen_Generation = YES;
				INFOPLIST_KEY_UISupportedInterfaceOrientations_iPad = "UIInterfaceOrientationPortrait UIInterfaceOrientationPortraitUpsideDown UIInterfaceOrientationLandscapeLeft UIInterfaceOrientationLandscapeRight";
				INFOPLIST_KEY_UISupportedInterfaceOrientations_iPhone = "UIInterfaceOrientationPortrait UIInterfaceOrientationLandscapeLeft UIInterfaceOrientationLandscapeRight";
				LD_RUNPATH_SEARCH_PATHS = (
					"$(inherited)",
					"@executable_path/Frameworks",
				);
				MARKETING_VERSION = 1.0;
				PRODUCT_BUNDLE_IDENTIFIER = Test.Bluetooth;
				PRODUCT_NAME = "$(TARGET_NAME)";
				SWIFT_EMIT_LOC_STRINGS = YES;
				SWIFT_VERSION = 5.0;
				TARGETED_DEVICE_FAMILY = "1,2";
			};
			name = Release;
		};
		FF8110852ACA2E4C005433DD /* Debug */ = {
			isa = XCBuildConfiguration;
			buildSettings = {
				ALWAYS_EMBED_SWIFT_STANDARD_LIBRARIES = YES;
				BUNDLE_LOADER = "$(TEST_HOST)";
				CODE_SIGN_STYLE = Automatic;
				CURRENT_PROJECT_VERSION = 1;
				DEVELOPMENT_TEAM = 2VT7K825K6;
				GENERATE_INFOPLIST_FILE = YES;
				IPHONEOS_DEPLOYMENT_TARGET = 17.0;
				MARKETING_VERSION = 1.0;
				PRODUCT_BUNDLE_IDENTIFIER = Test.BluetoothTests;
				PRODUCT_NAME = "$(TARGET_NAME)";
				SWIFT_EMIT_LOC_STRINGS = NO;
				SWIFT_VERSION = 5.0;
				TARGETED_DEVICE_FAMILY = "1,2";
				TEST_HOST = "$(BUILT_PRODUCTS_DIR)/Bluetooth.app/$(BUNDLE_EXECUTABLE_FOLDER_PATH)/Bluetooth";
			};
			name = Debug;
		};
		FF8110862ACA2E4C005433DD /* Release */ = {
			isa = XCBuildConfiguration;
			buildSettings = {
				ALWAYS_EMBED_SWIFT_STANDARD_LIBRARIES = YES;
				BUNDLE_LOADER = "$(TEST_HOST)";
				CODE_SIGN_STYLE = Automatic;
				CURRENT_PROJECT_VERSION = 1;
				DEVELOPMENT_TEAM = 2VT7K825K6;
				GENERATE_INFOPLIST_FILE = YES;
				IPHONEOS_DEPLOYMENT_TARGET = 17.0;
				MARKETING_VERSION = 1.0;
				PRODUCT_BUNDLE_IDENTIFIER = Test.BluetoothTests;
				PRODUCT_NAME = "$(TARGET_NAME)";
				SWIFT_EMIT_LOC_STRINGS = NO;
				SWIFT_VERSION = 5.0;
				TARGETED_DEVICE_FAMILY = "1,2";
				TEST_HOST = "$(BUILT_PRODUCTS_DIR)/Bluetooth.app/$(BUNDLE_EXECUTABLE_FOLDER_PATH)/Bluetooth";
			};
			name = Release;
		};
		FF8110882ACA2E4C005433DD /* Debug */ = {
			isa = XCBuildConfiguration;
			buildSettings = {
				ALWAYS_EMBED_SWIFT_STANDARD_LIBRARIES = YES;
				CODE_SIGN_STYLE = Automatic;
				CURRENT_PROJECT_VERSION = 1;
				DEVELOPMENT_TEAM = 2VT7K825K6;
				GENERATE_INFOPLIST_FILE = YES;
				MARKETING_VERSION = 1.0;
				PRODUCT_BUNDLE_IDENTIFIER = Test.BluetoothUITests;
				PRODUCT_NAME = "$(TARGET_NAME)";
				SWIFT_EMIT_LOC_STRINGS = NO;
				SWIFT_VERSION = 5.0;
				TARGETED_DEVICE_FAMILY = "1,2";
				TEST_TARGET_NAME = Bluetooth;
			};
			name = Debug;
		};
		FF8110892ACA2E4C005433DD /* Release */ = {
			isa = XCBuildConfiguration;
			buildSettings = {
				ALWAYS_EMBED_SWIFT_STANDARD_LIBRARIES = YES;
				CODE_SIGN_STYLE = Automatic;
				CURRENT_PROJECT_VERSION = 1;
				DEVELOPMENT_TEAM = 2VT7K825K6;
				GENERATE_INFOPLIST_FILE = YES;
				MARKETING_VERSION = 1.0;
				PRODUCT_BUNDLE_IDENTIFIER = Test.BluetoothUITests;
				PRODUCT_NAME = "$(TARGET_NAME)";
				SWIFT_EMIT_LOC_STRINGS = NO;
				SWIFT_VERSION = 5.0;
				TARGETED_DEVICE_FAMILY = "1,2";
				TEST_TARGET_NAME = Bluetooth;
			};
			name = Release;
		};
/* End XCBuildConfiguration section */

/* Begin XCConfigurationList section */
		FF8110582ACA2E4B005433DD /* Build configuration list for PBXProject "Bluetooth" */ = {
			isa = XCConfigurationList;
			buildConfigurations = (
				FF81107F2ACA2E4C005433DD /* Debug */,
				FF8110802ACA2E4C005433DD /* Release */,
			);
			defaultConfigurationIsVisible = 0;
			defaultConfigurationName = Release;
		};
		FF8110812ACA2E4C005433DD /* Build configuration list for PBXNativeTarget "Bluetooth" */ = {
			isa = XCConfigurationList;
			buildConfigurations = (
				FF8110822ACA2E4C005433DD /* Debug */,
				FF8110832ACA2E4C005433DD /* Release */,
			);
			defaultConfigurationIsVisible = 0;
			defaultConfigurationName = Release;
		};
		FF8110842ACA2E4C005433DD /* Build configuration list for PBXNativeTarget "BluetoothTests" */ = {
			isa = XCConfigurationList;
			buildConfigurations = (
				FF8110852ACA2E4C005433DD /* Debug */,
				FF8110862ACA2E4C005433DD /* Release */,
			);
			defaultConfigurationIsVisible = 0;
			defaultConfigurationName = Release;
		};
		FF8110872ACA2E4C005433DD /* Build configuration list for PBXNativeTarget "BluetoothUITests" */ = {
			isa = XCConfigurationList;
			buildConfigurations = (
				FF8110882ACA2E4C005433DD /* Debug */,
				FF8110892ACA2E4C005433DD /* Release */,
			);
			defaultConfigurationIsVisible = 0;
			defaultConfigurationName = Release;
		};
/* End XCConfigurationList section */
	};
	rootObject = FF8110552ACA2E4B005433DD /* Project object */;
}
